
Microsoft Visual Studio Solution File, Format Version 12.00
# Visual Studio 15
VisualStudioVersion = 15.0.28010.2026
MinimumVisualStudioVersion = 10.0.40219.1
Project("{FAE04EC0-301F-11D3-BF4B-00C04F79EFBC}") = "ExtensionMethods", "ExtensionMethods\ExtensionMethods.csproj", "{F1B040AB-E861-4AE2-AF93-CF6784BEC86B}"
EndProject
Global
	GlobalSection(SolutionConfigurationPlatforms) = preSolution
		Debug|Any CPU = Debug|Any CPU
		Release|Any CPU = Release|Any CPU
	EndGlobalSection
	GlobalSection(ProjectConfigurationPlatforms) = postSolution
		{F1B040AB-E861-4AE2-AF93-CF6784BEC86B}.Debug|Any CPU.ActiveCfg = Debug|Any CPU
		{F1B040AB-E861-4AE2-AF93-CF6784BEC86B}.Debug|Any CPU.Build.0 = Debug|Any CPU
		{F1B040AB-E861-4AE2-AF93-CF6784BEC86B}.Release|Any CPU.ActiveCfg = Release|Any CPU
		{F1B040AB-E861-4AE2-AF93-CF6784BEC86B}.Release|Any CPU.Build.0 = Release|Any CPU
	EndGlobalSection
	GlobalSection(SolutionProperties) = preSolution
		HideSolutionNode = FALSE
	EndGlobalSection
	GlobalSection(ExtensibilityGlobals) = postSolution
		SolutionGuid = {D5F06FFD-0F82-4C5A-A2B6-BEC7EC808F49}
	EndGlobalSection
EndGlobal
